
Microsoft Visual Studio Solution File, Format Version 12.00
# Visual Studio Version 16
VisualStudioVersion = 16.0.30517.126
MinimumVisualStudioVersion = 10.0.40219.1
Project("{FAE04EC0-301F-11D3-BF4B-00C04F79EFBC}") = "Binary_conver0", "Binary_conver0.csproj", "{44DAC865-589B-4E17-8DC7-47198ABFC14B}"
EndProject
Global
	GlobalSection(SolutionConfigurationPlatforms) = preSolution
		Debug|Any CPU = Debug|Any CPU
		Release|Any CPU = Release|Any CPU
	EndGlobalSection
	GlobalSection(ProjectConfigurationPlatforms) = postSolution
		{44DAC865-589B-4E17-8DC7-47198ABFC14B}.Debug|Any CPU.ActiveCfg = Debug|Any CPU
		{44DAC865-589B-4E17-8DC7-47198ABFC14B}.Debug|Any CPU.Build.0 = Debug|Any CPU
		{44DAC865-589B-4E17-8DC7-47198ABFC14B}.Release|Any CPU.ActiveCfg = Release|Any CPU
		{44DAC865-589B-4E17-8DC7-47198ABFC14B}.Release|Any CPU.Build.0 = Release|Any CPU
	EndGlobalSection
	GlobalSection(SolutionProperties) = preSolution
		HideSolutionNode = FALSE
	EndGlobalSection
	GlobalSection(ExtensibilityGlobals) = postSolution
		SolutionGuid = {470C41B1-9C6F-41DC-B5FE-D829F751C54D}
	EndGlobalSection
EndGlobal
